{
  "name": "marketing-portal",
  "version": "0.1.0",
  "lockfileVersion": 1,
  "requires": true,
  "dependencies": {
    "react-parallax": {
      "version": "1.7.0",
      "resolved": "https://registry.npmjs.org/react-parallax/-/react-parallax-1.7.0.tgz",
      "integrity": "sha512-fKSkSd/aTlLluQIkCgg180GEVxlV8CoFFuDsi6E2MG0bakuB/tHq8ZweLKk5Ga3KjUsjXoxfanuL8jLGM5nIOw=="
    },
    "react-progress-bar": {
      "version": "0.1.0",
      "resolved": "https://registry.npmjs.org/react-progress-bar/-/react-progress-bar-0.1.0.tgz",
      "integrity": "sha1-n4XDsqZvFFJWQVeT/E4cAE1qIF4="
    },
    "simple-react-progress-bar": {
      "version": "2.1.0",
      "resolved": "https://registry.npmjs.org/simple-react-progress-bar/-/simple-react-progress-bar-2.1.0.tgz",
      "integrity": "sha1-VI9D+8BFhyug3i98elj3QdcEzQY="
    }
  }
}
